{
  "name": "xml-to-md",
  "version": "1.0.0",
  "lockfileVersion": 2,
  "requires": true,
  "packages": {
    "": {
      "name": "xml-to-md",
      "version": "1.0.0",
      "license": "ISC",
      "devDependencies": {
        "@xmldom/xmldom": "^0.8.2",
        "html-to-md": "^0.5.7"
      }
    },
    "node_modules/@xmldom/xmldom": {
      "version": "0.8.2",
      "resolved": "https://registry.npmjs.org/@xmldom/xmldom/-/xmldom-0.8.2.tgz",
      "integrity": "sha512-+R0juSseERyoPvnBQ/cZih6bpF7IpCXlWbHRoCRzYzqpz6gWHOgf8o4MOEf6KBVuOyqU+gCNLkCWVIJAro8XyQ==",
      "dev": true,
      "engines": {
        "node": ">=10.0.0"
      }
    },
    "node_modules/html-to-md": {
      "version": "0.5.7",
      "resolved": "https://registry.npmjs.org/html-to-md/-/html-to-md-0.5.7.tgz",
      "integrity": "sha512-uoxnR3I7bNdcSbkozMYHji8vnJ/nRJ0aVcwsO20TxPoxxSiJbWJxxJdN3RAieMe68ns1FFsKS7XZ/ZRdWxmk0g==",
      "dev": true
    }
  },
  "dependencies": {
    "@xmldom/xmldom": {
      "version": "0.8.2",
      "resolved": "https://registry.npmjs.org/@xmldom/xmldom/-/xmldom-0.8.2.tgz",
      "integrity": "sha512-+R0juSseERyoPvnBQ/cZih6bpF7IpCXlWbHRoCRzYzqpz6gWHOgf8o4MOEf6KBVuOyqU+gCNLkCWVIJAro8XyQ==",
      "dev": true
    },
    "html-to-md": {
      "version": "0.5.7",
      "resolved": "https://registry.npmjs.org/html-to-md/-/html-to-md-0.5.7.tgz",
      "integrity": "sha512-uoxnR3I7bNdcSbkozMYHji8vnJ/nRJ0aVcwsO20TxPoxxSiJbWJxxJdN3RAieMe68ns1FFsKS7XZ/ZRdWxmk0g==",
      "dev": true
    }
  }
}
